
Microsoft Visual Studio Solution File, Format Version 12.00
# Visual Studio 2012
Project("{FAE04EC0-301F-11D3-BF4B-00C04F79EFBC}") = "Ping-My-Buddy", "Ping-My-Buddy\Ping-My-Buddy.csproj", "{B673E51F-289F-42FF-9160-224A53B91454}"
EndProject
Global
	GlobalSection(SolutionConfigurationPlatforms) = preSolution
		Debug|Any CPU = Debug|Any CPU
		Release|Any CPU = Release|Any CPU
	EndGlobalSection
	GlobalSection(ProjectConfigurationPlatforms) = postSolution
		{B673E51F-289F-42FF-9160-224A53B91454}.Debug|Any CPU.ActiveCfg = Debug|Any CPU
		{B673E51F-289F-42FF-9160-224A53B91454}.Debug|Any CPU.Build.0 = Debug|Any CPU
		{B673E51F-289F-42FF-9160-224A53B91454}.Release|Any CPU.ActiveCfg = Release|Any CPU
		{B673E51F-289F-42FF-9160-224A53B91454}.Release|Any CPU.Build.0 = Release|Any CPU
	EndGlobalSection
	GlobalSection(SolutionProperties) = preSolution
		HideSolutionNode = FALSE
	EndGlobalSection
EndGlobal
