
Microsoft Visual Studio Solution File, Format Version 12.00
# Visual Studio 2012
Project("{FAE04EC0-301F-11D3-BF4B-00C04F79EFBC}") = "Auto-Black-Spear", "Auto-Black-Spear\Auto-Black-Spear.csproj", "{09E6ACF4-CE3F-4CFB-A46B-0B45482BFF80}"
EndProject
Global
	GlobalSection(SolutionConfigurationPlatforms) = preSolution
		Debug|Any CPU = Debug|Any CPU
		Release|Any CPU = Release|Any CPU
	EndGlobalSection
	GlobalSection(ProjectConfigurationPlatforms) = postSolution
		{09E6ACF4-CE3F-4CFB-A46B-0B45482BFF80}.Debug|Any CPU.ActiveCfg = Debug|Any CPU
		{09E6ACF4-CE3F-4CFB-A46B-0B45482BFF80}.Debug|Any CPU.Build.0 = Debug|Any CPU
		{09E6ACF4-CE3F-4CFB-A46B-0B45482BFF80}.Release|Any CPU.ActiveCfg = Release|Any CPU
		{09E6ACF4-CE3F-4CFB-A46B-0B45482BFF80}.Release|Any CPU.Build.0 = Release|Any CPU
	EndGlobalSection
	GlobalSection(SolutionProperties) = preSolution
		HideSolutionNode = FALSE
	EndGlobalSection
EndGlobal
