
Microsoft Visual Studio Solution File, Format Version 12.00
# Visual Studio 2012
Project("{FAE04EC0-301F-11D3-BF4B-00C04F79EFBC}") = "Ex1L Riven", "Ex1L Riven\Ex1L Riven.csproj", "{61FB7FE7-6DB1-43DB-AEAF-0565F9AFB6ED}"
EndProject
Global
	GlobalSection(SolutionConfigurationPlatforms) = preSolution
		Debug|Any CPU = Debug|Any CPU
		Release|Any CPU = Release|Any CPU
	EndGlobalSection
	GlobalSection(ProjectConfigurationPlatforms) = postSolution
		{61FB7FE7-6DB1-43DB-AEAF-0565F9AFB6ED}.Debug|Any CPU.ActiveCfg = Debug|Any CPU
		{61FB7FE7-6DB1-43DB-AEAF-0565F9AFB6ED}.Debug|Any CPU.Build.0 = Debug|Any CPU
		{61FB7FE7-6DB1-43DB-AEAF-0565F9AFB6ED}.Release|Any CPU.ActiveCfg = Release|Any CPU
		{61FB7FE7-6DB1-43DB-AEAF-0565F9AFB6ED}.Release|Any CPU.Build.0 = Release|Any CPU
	EndGlobalSection
	GlobalSection(SolutionProperties) = preSolution
		HideSolutionNode = FALSE
	EndGlobalSection
EndGlobal
