
Microsoft Visual Studio Solution File, Format Version 12.00
# Visual Studio 2012
Project("{FAE04EC0-301F-11D3-BF4B-00C04F79EFBC}") = "AntiBronzeBuddys", "AntiBronzeBuddys\AntiBronzeBuddys.csproj", "{051F8A52-2310-45F6-91CD-1DFD29C0E65B}"
EndProject
Global
	GlobalSection(SolutionConfigurationPlatforms) = preSolution
		Debug|Any CPU = Debug|Any CPU
		Release|Any CPU = Release|Any CPU
	EndGlobalSection
	GlobalSection(ProjectConfigurationPlatforms) = postSolution
		{051F8A52-2310-45F6-91CD-1DFD29C0E65B}.Debug|Any CPU.ActiveCfg = Debug|Any CPU
		{051F8A52-2310-45F6-91CD-1DFD29C0E65B}.Debug|Any CPU.Build.0 = Debug|Any CPU
		{051F8A52-2310-45F6-91CD-1DFD29C0E65B}.Release|Any CPU.ActiveCfg = Release|Any CPU
		{051F8A52-2310-45F6-91CD-1DFD29C0E65B}.Release|Any CPU.Build.0 = Release|Any CPU
	EndGlobalSection
	GlobalSection(SolutionProperties) = preSolution
		HideSolutionNode = FALSE
	EndGlobalSection
EndGlobal
